// !$*UTF8*$!
{
	archiveVersion = 1;
	classes = {
	};
	objectVersion = 44;
	objects = {

/* Begin PBXBuildFile section */
		CD0A64730F4E0F5300FF0527 /* TpsAlgorithmAimlessShooting.h in Headers */ = {isa = PBXBuildFile; fileRef = CD0A64710F4E0F5300FF0527 /* TpsAlgorithmAimlessShooting.h */; };
		CD0A64740F4E0F5300FF0527 /* TpsAlgorithmAimlessShooting.cpp in Sources */ = {isa = PBXBuildFile; fileRef = CD0A64720F4E0F5300FF0527 /* TpsAlgorithmAimlessShooting.cpp */; };
		CD0A65330F51892400FF0527 /* TpsAnalysisTransitionStates.h in Headers */ = {isa = PBXBuildFile; fileRef = CD16833F0EDC083C00CFE55C /* TpsAnalysisTransitionStates.h */; };
		CD0A65340F51892700FF0527 /* TpsAnalysisTransitionStates.cpp in Sources */ = {isa = PBXBuildFile; fileRef = CD1683400EDC083C00CFE55C /* TpsAnalysisTransitionStates.cpp */; };
		CD1001430EDB88B0001245A0 /* TpsAnalysisTimeCorrelationFunctionCAB.h in Headers */ = {isa = PBXBuildFile; fileRef = CD1001410EDB88B0001245A0 /* TpsAnalysisTimeCorrelationFunctionCAB.h */; };
		CD1001440EDB88B0001245A0 /* TpsAnalysisTimeCorrelationFunctionCAB.cpp in Sources */ = {isa = PBXBuildFile; fileRef = CD1001420EDB88B0001245A0 /* TpsAnalysisTimeCorrelationFunctionCAB.cpp */; };
		CD1001470EDB88DF001245A0 /* TpsAnalysisTimeCorrelationFunctionC.h in Headers */ = {isa = PBXBuildFile; fileRef = CD1001450EDB88DF001245A0 /* TpsAnalysisTimeCorrelationFunctionC.h */; };
		CD1001480EDB88DF001245A0 /* TpsAnalysisTimeCorrelationFunctionC.cpp in Sources */ = {isa = PBXBuildFile; fileRef = CD1001460EDB88DF001245A0 /* TpsAnalysisTimeCorrelationFunctionC.cpp */; };
		CD1680310ED94F8500CFE55C /* TpsTrialMoveShotForward.h in Headers */ = {isa = PBXBuildFile; fileRef = CD16802F0ED94F8500CFE55C /* TpsTrialMoveShotForward.h */; };
		CD1680320ED94F8500CFE55C /* TpsTrialMoveShotForward.cpp in Sources */ = {isa = PBXBuildFile; fileRef = CD1680300ED94F8500CFE55C /* TpsTrialMoveShotForward.cpp */; };
		CD1680350ED94F9600CFE55C /* TpsTrialMoveShotBackward.h in Headers */ = {isa = PBXBuildFile; fileRef = CD1680330ED94F9600CFE55C /* TpsTrialMoveShotBackward.h */; };
		CD1680360ED94F9600CFE55C /* TpsTrialMoveShotBackward.cpp in Sources */ = {isa = PBXBuildFile; fileRef = CD1680340ED94F9600CFE55C /* TpsTrialMoveShotBackward.cpp */; };
		CD1680390ED94FC400CFE55C /* TpsTrialMoveShiftForward.h in Headers */ = {isa = PBXBuildFile; fileRef = CD1680370ED94FC400CFE55C /* TpsTrialMoveShiftForward.h */; };
		CD16803A0ED94FC400CFE55C /* TpsTrialMoveShiftForward.cpp in Sources */ = {isa = PBXBuildFile; fileRef = CD1680380ED94FC400CFE55C /* TpsTrialMoveShiftForward.cpp */; };
		CD16803D0ED94FD200CFE55C /* TpsTrialMoveShiftBackward.h in Headers */ = {isa = PBXBuildFile; fileRef = CD16803B0ED94FD200CFE55C /* TpsTrialMoveShiftBackward.h */; };
		CD16803E0ED94FD200CFE55C /* TpsTrialMoveShiftBackward.cpp in Sources */ = {isa = PBXBuildFile; fileRef = CD16803C0ED94FD200CFE55C /* TpsTrialMoveShiftBackward.cpp */; };
		CD1680530EDA810000CFE55C /* TpsOrderParameterAggregate.h in Headers */ = {isa = PBXBuildFile; fileRef = CD1680510EDA810000CFE55C /* TpsOrderParameterAggregate.h */; };
		CD1680540EDA810000CFE55C /* TpsOrderParameterAggregate.cpp in Sources */ = {isa = PBXBuildFile; fileRef = CD1680520EDA810000CFE55C /* TpsOrderParameterAggregate.cpp */; };
		CD16833D0EDC073D00CFE55C /* TpsAnalysisTransitionTimes.h in Headers */ = {isa = PBXBuildFile; fileRef = CD16833B0EDC073D00CFE55C /* TpsAnalysisTransitionTimes.h */; };
		CD16833E0EDC073D00CFE55C /* TpsAnalysisTransitionTimes.cpp in Sources */ = {isa = PBXBuildFile; fileRef = CD16833C0EDC073D00CFE55C /* TpsAnalysisTransitionTimes.cpp */; };
		CD1683450EDFE96600CFE55C /* TpsTimesliceModifier.h in Headers */ = {isa = PBXBuildFile; fileRef = CD1683430EDFE96600CFE55C /* TpsTimesliceModifier.h */; };
		CD1683460EDFE96600CFE55C /* TpsTimesliceModifier.cpp in Sources */ = {isa = PBXBuildFile; fileRef = CD1683440EDFE96600CFE55C /* TpsTimesliceModifier.cpp */; };
		CD1683680EE0EDC000CFE55C /* TpsTimesliceModifierBoltzmannVdist.h in Headers */ = {isa = PBXBuildFile; fileRef = CD1683660EE0EDC000CFE55C /* TpsTimesliceModifierBoltzmannVdist.h */; };
		CD1683690EE0EDC000CFE55C /* TpsTimesliceModifierBoltzmannVdist.cpp in Sources */ = {isa = PBXBuildFile; fileRef = CD1683670EE0EDC000CFE55C /* TpsTimesliceModifierBoltzmannVdist.cpp */; };
		CD398432106302CD0009CC93 /* TpsTrajectoryReverseIterator.h in Headers */ = {isa = PBXBuildFile; fileRef = CD398430106302CD0009CC93 /* TpsTrajectoryReverseIterator.h */; };
		CD398433106302CD0009CC93 /* TpsTrajectoryReverseIterator.cpp in Sources */ = {isa = PBXBuildFile; fileRef = CD398431106302CD0009CC93 /* TpsTrajectoryReverseIterator.cpp */; };
		CD4FD18E10145DC700C997F8 /* config.h in Headers */ = {isa = PBXBuildFile; fileRef = CD4FD18910145DC700C997F8 /* config.h */; };
		CD508AE90FDEBFFF0015C61E /* TpsTimesliceModifierPerturbVelocities.cpp in Sources */ = {isa = PBXBuildFile; fileRef = CD508ADF0FDEBFFF0015C61E /* TpsTimesliceModifierPerturbVelocities.cpp */; };
		CD508AEA0FDEBFFF0015C61E /* TpsTimesliceModifierPerturbVelocities.h in Headers */ = {isa = PBXBuildFile; fileRef = CD508AE00FDEBFFF0015C61E /* TpsTimesliceModifierPerturbVelocities.h */; };
		CD508B600FDF09C60015C61E /* TpsTrialMoveShotAimless.h in Headers */ = {isa = PBXBuildFile; fileRef = CD508B5E0FDF09C60015C61E /* TpsTrialMoveShotAimless.h */; };
		CD508B610FDF09C60015C61E /* TpsTrialMoveShotAimless.cpp in Sources */ = {isa = PBXBuildFile; fileRef = CD508B5F0FDF09C60015C61E /* TpsTrialMoveShotAimless.cpp */; };
		CD5366F60ECCF93A00641778 /* TpsAnalysisCommitter.h in Headers */ = {isa = PBXBuildFile; fileRef = CD5366F40ECCF93A00641778 /* TpsAnalysisCommitter.h */; };
		CD5366F70ECCF93A00641778 /* TpsAnalysisCommitter.cpp in Sources */ = {isa = PBXBuildFile; fileRef = CD5366F50ECCF93A00641778 /* TpsAnalysisCommitter.cpp */; };
		CD5367520ECE4FB600641778 /* TpsAlgorithmFFS.h in Headers */ = {isa = PBXBuildFile; fileRef = CD5367500ECE4FB600641778 /* TpsAlgorithmFFS.h */; };
		CD5367530ECE4FB600641778 /* TpsAlgorithmFFS.cpp in Sources */ = {isa = PBXBuildFile; fileRef = CD5367510ECE4FB600641778 /* TpsAlgorithmFFS.cpp */; };
		CD53695E0ECE9A3600641778 /* TpsAnalysisWriteOrderParameter.h in Headers */ = {isa = PBXBuildFile; fileRef = CD53695C0ECE9A3600641778 /* TpsAnalysisWriteOrderParameter.h */; };
		CD53695F0ECE9A3600641778 /* TpsAnalysisWriteOrderParameter.cpp in Sources */ = {isa = PBXBuildFile; fileRef = CD53695D0ECE9A3600641778 /* TpsAnalysisWriteOrderParameter.cpp */; };
		CD5369620ECE9AC200641778 /* TpsAnalysis.h in Headers */ = {isa = PBXBuildFile; fileRef = CD5369600ECE9AC200641778 /* TpsAnalysis.h */; };
		CD5369630ECE9AC200641778 /* TpsAnalysis.cpp in Sources */ = {isa = PBXBuildFile; fileRef = CD5369610ECE9AC200641778 /* TpsAnalysis.cpp */; };
		CD6C2AF70F565174000CA4AA /* TpsInitializerExplicitTrajectory.h in Headers */ = {isa = PBXBuildFile; fileRef = CD6C2AF50F565174000CA4AA /* TpsInitializerExplicitTrajectory.h */; };
		CD6C2AF80F565174000CA4AA /* TpsInitializerExplicitTrajectory.cpp in Sources */ = {isa = PBXBuildFile; fileRef = CD6C2AF60F565174000CA4AA /* TpsInitializerExplicitTrajectory.cpp */; };
		CD6C75C20F54EE850054195F /* TpsInitializerMidpointTS.h in Headers */ = {isa = PBXBuildFile; fileRef = CD6C75C00F54EE850054195F /* TpsInitializerMidpointTS.h */; };
		CD6C75C30F54EE850054195F /* TpsInitializerMidpointTS.cpp in Sources */ = {isa = PBXBuildFile; fileRef = CD6C75C10F54EE850054195F /* TpsInitializerMidpointTS.cpp */; };
		CD6C75ED0F55ED320054195F /* TpsAnalysisWriteCoordsAtomic.h in Headers */ = {isa = PBXBuildFile; fileRef = CD6C75EB0F55ED320054195F /* TpsAnalysisWriteCoordsAtomic.h */; };
		CD6C75EE0F55ED320054195F /* TpsAnalysisWriteCoordsAtomic.cpp in Sources */ = {isa = PBXBuildFile; fileRef = CD6C75EC0F55ED320054195F /* TpsAnalysisWriteCoordsAtomic.cpp */; };
		CD7B802C0F8FAFC000428AE9 /* TpsTrialMovePathReversal.h in Headers */ = {isa = PBXBuildFile; fileRef = CD7B802A0F8FAFC000428AE9 /* TpsTrialMovePathReversal.h */; };
		CD7B802D0F8FAFC000428AE9 /* TpsTrialMovePathReversal.cpp in Sources */ = {isa = PBXBuildFile; fileRef = CD7B802B0F8FAFC000428AE9 /* TpsTrialMovePathReversal.cpp */; };
		CD7B80990F8FC9C600428AE9 /* TpsAlgorithmSEnsemble.h in Headers */ = {isa = PBXBuildFile; fileRef = CD7B80970F8FC9C600428AE9 /* TpsAlgorithmSEnsemble.h */; };
		CD7B809A0F8FC9C600428AE9 /* TpsAlgorithmSEnsemble.cpp in Sources */ = {isa = PBXBuildFile; fileRef = CD7B80980F8FC9C600428AE9 /* TpsAlgorithmSEnsemble.cpp */; };
		CD7B89AA0F97E49500428AE9 /* TpsSimulationPluginLattice.cpp in Sources */ = {isa = PBXBuildFile; fileRef = CD7B89A80F97E49500428AE9 /* TpsSimulationPluginLattice.cpp */; };
		CD7B89AB0F97E49500428AE9 /* TpsSimulationPluginLattice.h in Headers */ = {isa = PBXBuildFile; fileRef = CD7B89A90F97E49500428AE9 /* TpsSimulationPluginLattice.h */; };
		CD9975950FCFE39E00B745CE /* TpsTrialMoveShotFlexible.h in Headers */ = {isa = PBXBuildFile; fileRef = CD9975930FCFE39E00B745CE /* TpsTrialMoveShotFlexible.h */; };
		CD9975960FCFE39E00B745CE /* TpsTrialMoveShotFlexible.cpp in Sources */ = {isa = PBXBuildFile; fileRef = CD9975940FCFE39E00B745CE /* TpsTrialMoveShotFlexible.cpp */; };
		CD9977790FD0455000B745CE /* TpsTrialMoveShotFlexibleV2.h in Headers */ = {isa = PBXBuildFile; fileRef = CD9977770FD0455000B745CE /* TpsTrialMoveShotFlexibleV2.h */; };
		CD99777A0FD0455000B745CE /* TpsTrialMoveShotFlexibleV2.cpp in Sources */ = {isa = PBXBuildFile; fileRef = CD9977780FD0455000B745CE /* TpsTrialMoveShotFlexibleV2.cpp */; };
		CDC795DB0EF9E4EC00EE8D07 /* TpsAlgorithmBruteForce.h in Headers */ = {isa = PBXBuildFile; fileRef = CDC795D90EF9E4EC00EE8D07 /* TpsAlgorithmBruteForce.h */; };
		CDC795DC0EF9E4EC00EE8D07 /* TpsAlgorithmBruteForce.cpp in Sources */ = {isa = PBXBuildFile; fileRef = CDC795DA0EF9E4EC00EE8D07 /* TpsAlgorithmBruteForce.cpp */; };
		CDD3352F0EAB8D35007C0170 /* TpsAlgorithm.h in Headers */ = {isa = PBXBuildFile; fileRef = CDD3352D0EAB8D35007C0170 /* TpsAlgorithm.h */; };
		CDD335300EAB8D35007C0170 /* TpsAlgorithm.cpp in Sources */ = {isa = PBXBuildFile; fileRef = CDD3352E0EAB8D35007C0170 /* TpsAlgorithm.cpp */; };
		CDD335330EAB931E007C0170 /* TpsTimeslice.h in Headers */ = {isa = PBXBuildFile; fileRef = CDD335310EAB931E007C0170 /* TpsTimeslice.h */; };
		CDD335340EAB931E007C0170 /* TpsTimeslice.cpp in Sources */ = {isa = PBXBuildFile; fileRef = CDD335320EAB931E007C0170 /* TpsTimeslice.cpp */; };
		CDD335370EAB94C4007C0170 /* TpsTrajectory.h in Headers */ = {isa = PBXBuildFile; fileRef = CDD335350EAB94C4007C0170 /* TpsTrajectory.h */; };
		CDD335380EAB94C4007C0170 /* TpsTrajectory.cpp in Sources */ = {isa = PBXBuildFile; fileRef = CDD335360EAB94C4007C0170 /* TpsTrajectory.cpp */; };
		CDD3353B0EAB9749007C0170 /* TpsSimulationPlugin.h in Headers */ = {isa = PBXBuildFile; fileRef = CDD335390EAB9749007C0170 /* TpsSimulationPlugin.h */; };
		CDD3353C0EAB9749007C0170 /* TpsSimulationPlugin.cpp in Sources */ = {isa = PBXBuildFile; fileRef = CDD3353A0EAB9749007C0170 /* TpsSimulationPlugin.cpp */; };
		CDD335650EABB046007C0170 /* TpsAlgorithmTPS.h in Headers */ = {isa = PBXBuildFile; fileRef = CDD335630EABB046007C0170 /* TpsAlgorithmTPS.h */; };
		CDD335660EABB046007C0170 /* TpsAlgorithmTPS.cpp in Sources */ = {isa = PBXBuildFile; fileRef = CDD335640EABB046007C0170 /* TpsAlgorithmTPS.cpp */; };
		CDD335690EABB2DD007C0170 /* TpsTrialMove.h in Headers */ = {isa = PBXBuildFile; fileRef = CDD335670EABB2DD007C0170 /* TpsTrialMove.h */; };
		CDD3356A0EABB2DD007C0170 /* TpsTrialMove.cpp in Sources */ = {isa = PBXBuildFile; fileRef = CDD335680EABB2DD007C0170 /* TpsTrialMove.cpp */; };
		CDD3356D0EABB2EC007C0170 /* TpsTrialMoveShot.h in Headers */ = {isa = PBXBuildFile; fileRef = CDD3356B0EABB2EC007C0170 /* TpsTrialMoveShot.h */; };
		CDD3356E0EABB2EC007C0170 /* TpsTrialMoveShot.cpp in Sources */ = {isa = PBXBuildFile; fileRef = CDD3356C0EABB2EC007C0170 /* TpsTrialMoveShot.cpp */; };
		CDD335710EABB2FA007C0170 /* TpsTrialMoveShift.h in Headers */ = {isa = PBXBuildFile; fileRef = CDD3356F0EABB2FA007C0170 /* TpsTrialMoveShift.h */; };
		CDD335720EABB2FA007C0170 /* TpsTrialMoveShift.cpp in Sources */ = {isa = PBXBuildFile; fileRef = CDD335700EABB2FA007C0170 /* TpsTrialMoveShift.cpp */; };
		CDD3357A0EABBE29007C0170 /* TpsRNG.h in Headers */ = {isa = PBXBuildFile; fileRef = CDD335780EABBE29007C0170 /* TpsRNG.h */; };
		CDD3357B0EABBE29007C0170 /* TpsRNG.cpp in Sources */ = {isa = PBXBuildFile; fileRef = CDD335790EABBE29007C0170 /* TpsRNG.cpp */; };
		CDD335870EABC428007C0170 /* TpsRNG48.h in Headers */ = {isa = PBXBuildFile; fileRef = CDD335850EABC428007C0170 /* TpsRNG48.h */; };
		CDD335880EABC428007C0170 /* TpsRNG48.cpp in Sources */ = {isa = PBXBuildFile; fileRef = CDD335860EABC428007C0170 /* TpsRNG48.cpp */; };
		CDD335D70EADA6FF007C0170 /* TpsTrajectoryUniformStep.h in Headers */ = {isa = PBXBuildFile; fileRef = CDD335D50EADA6FF007C0170 /* TpsTrajectoryUniformStep.h */; };
		CDD335D80EADA6FF007C0170 /* TpsTrajectoryUniformStep.cpp in Sources */ = {isa = PBXBuildFile; fileRef = CDD335D60EADA6FF007C0170 /* TpsTrajectoryUniformStep.cpp */; };
		CDD335DB0EADA70C007C0170 /* TpsTrajectoryRandomStep.h in Headers */ = {isa = PBXBuildFile; fileRef = CDD335D90EADA70C007C0170 /* TpsTrajectoryRandomStep.h */; };
		CDD335DC0EADA70C007C0170 /* TpsTrajectoryRandomStep.cpp in Sources */ = {isa = PBXBuildFile; fileRef = CDD335DA0EADA70C007C0170 /* TpsTrajectoryRandomStep.cpp */; };
		CDD337AD0EAE5E56007C0170 /* TpsInitializer.h in Headers */ = {isa = PBXBuildFile; fileRef = CDD337AB0EAE5E56007C0170 /* TpsInitializer.h */; };
		CDD337AE0EAE5E56007C0170 /* TpsInitializer.cpp in Sources */ = {isa = PBXBuildFile; fileRef = CDD337AC0EAE5E56007C0170 /* TpsInitializer.cpp */; };
		CDD337B10EAE5E98007C0170 /* TpsInitializerBruteForce.h in Headers */ = {isa = PBXBuildFile; fileRef = CDD337AF0EAE5E98007C0170 /* TpsInitializerBruteForce.h */; };
		CDD337B20EAE5E98007C0170 /* TpsInitializerBruteForce.cpp in Sources */ = {isa = PBXBuildFile; fileRef = CDD337B00EAE5E98007C0170 /* TpsInitializerBruteForce.cpp */; };
		CDD337B50EAE67B2007C0170 /* TpsOrderParameter.h in Headers */ = {isa = PBXBuildFile; fileRef = CDD337B30EAE67B2007C0170 /* TpsOrderParameter.h */; };
		CDD337B60EAE67B2007C0170 /* TpsOrderParameter.cpp in Sources */ = {isa = PBXBuildFile; fileRef = CDD337B40EAE67B2007C0170 /* TpsOrderParameter.cpp */; };
		CDF423C30F60FBCB003E90B5 /* TpsInitializerTransitionState.h in Headers */ = {isa = PBXBuildFile; fileRef = CDF423C10F60FBCB003E90B5 /* TpsInitializerTransitionState.h */; };
		CDF423C40F60FBCB003E90B5 /* TpsInitializerTransitionState.cpp in Sources */ = {isa = PBXBuildFile; fileRef = CDF423C20F60FBCB003E90B5 /* TpsInitializerTransitionState.cpp */; };
		CDF423CE0F6119B9003E90B5 /* TpsTrajectoryUserDefined.h in Headers */ = {isa = PBXBuildFile; fileRef = CDF423CC0F6119B9003E90B5 /* TpsTrajectoryUserDefined.h */; };
		CDF423CF0F6119B9003E90B5 /* TpsTrajectoryUserDefined.cpp in Sources */ = {isa = PBXBuildFile; fileRef = CDF423CD0F6119B9003E90B5 /* TpsTrajectoryUserDefined.cpp */; };
		CDF80DB10EC5102700A670C9 /* TpsAlgorithmTIS.h in Headers */ = {isa = PBXBuildFile; fileRef = CDF80DAF0EC5102600A670C9 /* TpsAlgorithmTIS.h */; };
		CDF80DB20EC5102700A670C9 /* TpsAlgorithmTIS.cpp in Sources */ = {isa = PBXBuildFile; fileRef = CDF80DB00EC5102600A670C9 /* TpsAlgorithmTIS.cpp */; };
		CDF80FA40EC5154800A670C9 /* TpsSimulationPluginAtomic.h in Headers */ = {isa = PBXBuildFile; fileRef = CDF80FA20EC5154800A670C9 /* TpsSimulationPluginAtomic.h */; };
		CDF80FA50EC5154800A670C9 /* TpsSimulationPluginAtomic.cpp in Sources */ = {isa = PBXBuildFile; fileRef = CDF80FA30EC5154800A670C9 /* TpsSimulationPluginAtomic.cpp */; };
		CDF8109C0EC5721B00A670C9 /* TpsTrajectoryEnsemble.h in Headers */ = {isa = PBXBuildFile; fileRef = CDF8109A0EC5721B00A670C9 /* TpsTrajectoryEnsemble.h */; };
		CDF8109D0EC5721B00A670C9 /* TpsTrajectoryEnsemble.cpp in Sources */ = {isa = PBXBuildFile; fileRef = CDF8109B0EC5721B00A670C9 /* TpsTrajectoryEnsemble.cpp */; };
		CDFA44150ED2B57500E9095F /* TpsTrajectoryContinuous.h in Headers */ = {isa = PBXBuildFile; fileRef = CDFA44130ED2B57500E9095F /* TpsTrajectoryContinuous.h */; };
		CDFA44160ED2B57500E9095F /* TpsTrajectoryContinuous.cpp in Sources */ = {isa = PBXBuildFile; fileRef = CDFA44140ED2B57500E9095F /* TpsTrajectoryContinuous.cpp */; };
		CDFA44C20ED4DCEF00E9095F /* tps.h in Headers */ = {isa = PBXBuildFile; fileRef = CDFA44C00ED4DCEF00E9095F /* tps.h */; };
		CDFA4C490ED5A83E00E9095F /* TpsAnalysisDistinguishingReactionCoordinate.h in Headers */ = {isa = PBXBuildFile; fileRef = CDFA4C470ED5A83E00E9095F /* TpsAnalysisDistinguishingReactionCoordinate.h */; };
		CDFA4C4A0ED5A83E00E9095F /* TpsAnalysisDistinguishingReactionCoordinate.cpp in Sources */ = {isa = PBXBuildFile; fileRef = CDFA4C480ED5A83E00E9095F /* TpsAnalysisDistinguishingReactionCoordinate.cpp */; };
		CDFA4C5A0ED5BD4100E9095F /* TpsAnalysisWriteXYZAtomic.h in Headers */ = {isa = PBXBuildFile; fileRef = CDFA4C580ED5BD4100E9095F /* TpsAnalysisWriteXYZAtomic.h */; };
		CDFA4C5B0ED5BD4100E9095F /* TpsAnalysisWriteXYZAtomic.cpp in Sources */ = {isa = PBXBuildFile; fileRef = CDFA4C590ED5BD4100E9095F /* TpsAnalysisWriteXYZAtomic.cpp */; };
		CDFA4C5E0ED5BF2600E9095F /* TpsTrajectoryIterator.h in Headers */ = {isa = PBXBuildFile; fileRef = CDFA4C5C0ED5BF2600E9095F /* TpsTrajectoryIterator.h */; };
		CDFA4C5F0ED5BF2600E9095F /* TpsTrajectoryIterator.cpp in Sources */ = {isa = PBXBuildFile; fileRef = CDFA4C5D0ED5BF2600E9095F /* TpsTrajectoryIterator.cpp */; };
		CDFDF1B90FCC218B0080D135 /* TpsAnalysisWriteTrajectory.h in Headers */ = {isa = PBXBuildFile; fileRef = CDFDF1B70FCC218B0080D135 /* TpsAnalysisWriteTrajectory.h */; };
		CDFDF1BA0FCC218B0080D135 /* TpsAnalysisWriteTrajectory.cpp in Sources */ = {isa = PBXBuildFile; fileRef = CDFDF1B80FCC218B0080D135 /* TpsAnalysisWriteTrajectory.cpp */; };
/* End PBXBuildFile section */

/* Begin PBXFileReference section */
		CD0A64710F4E0F5300FF0527 /* TpsAlgorithmAimlessShooting.h */ = {isa = PBXFileReference; fileEncoding = 4; lastKnownFileType = sourcecode.c.h; path = TpsAlgorithmAimlessShooting.h; sourceTree = "<group>"; };
		CD0A64720F4E0F5300FF0527 /* TpsAlgorithmAimlessShooting.cpp */ = {isa = PBXFileReference; fileEncoding = 4; lastKnownFileType = sourcecode.cpp.cpp; path = TpsAlgorithmAimlessShooting.cpp; sourceTree = "<group>"; };
		CD1001410EDB88B0001245A0 /* TpsAnalysisTimeCorrelationFunctionCAB.h */ = {isa = PBXFileReference; fileEncoding = 4; lastKnownFileType = sourcecode.c.h; path = TpsAnalysisTimeCorrelationFunctionCAB.h; sourceTree = "<group>"; };
		CD1001420EDB88B0001245A0 /* TpsAnalysisTimeCorrelationFunctionCAB.cpp */ = {isa = PBXFileReference; fileEncoding = 4; lastKnownFileType = sourcecode.cpp.cpp; path = TpsAnalysisTimeCorrelationFunctionCAB.cpp; sourceTree = "<group>"; };
		CD1001450EDB88DF001245A0 /* TpsAnalysisTimeCorrelationFunctionC.h */ = {isa = PBXFileReference; fileEncoding = 4; lastKnownFileType = sourcecode.c.h; path = TpsAnalysisTimeCorrelationFunctionC.h; sourceTree = "<group>"; };
		CD1001460EDB88DF001245A0 /* TpsAnalysisTimeCorrelationFunctionC.cpp */ = {isa = PBXFileReference; fileEncoding = 4; lastKnownFileType = sourcecode.cpp.cpp; path = TpsAnalysisTimeCorrelationFunctionC.cpp; sourceTree = "<group>"; };
		CD16802F0ED94F8500CFE55C /* TpsTrialMoveShotForward.h */ = {isa = PBXFileReference; fileEncoding = 4; lastKnownFileType = sourcecode.c.h; path = TpsTrialMoveShotForward.h; sourceTree = "<group>"; };
		CD1680300ED94F8500CFE55C /* TpsTrialMoveShotForward.cpp */ = {isa = PBXFileReference; fileEncoding = 4; lastKnownFileType = sourcecode.cpp.cpp; path = TpsTrialMoveShotForward.cpp; sourceTree = "<group>"; };
		CD1680330ED94F9600CFE55C /* TpsTrialMoveShotBackward.h */ = {isa = PBXFileReference; fileEncoding = 4; lastKnownFileType = sourcecode.c.h; path = TpsTrialMoveShotBackward.h; sourceTree = "<group>"; };
		CD1680340ED94F9600CFE55C /* TpsTrialMoveShotBackward.cpp */ = {isa = PBXFileReference; fileEncoding = 4; lastKnownFileType = sourcecode.cpp.cpp; path = TpsTrialMoveShotBackward.cpp; sourceTree = "<group>"; };
		CD1680370ED94FC400CFE55C /* TpsTrialMoveShiftForward.h */ = {isa = PBXFileReference; fileEncoding = 4; lastKnownFileType = sourcecode.c.h; path = TpsTrialMoveShiftForward.h; sourceTree = "<group>"; };
		CD1680380ED94FC400CFE55C /* TpsTrialMoveShiftForward.cpp */ = {isa = PBXFileReference; fileEncoding = 4; lastKnownFileType = sourcecode.cpp.cpp; path = TpsTrialMoveShiftForward.cpp; sourceTree = "<group>"; };
		CD16803B0ED94FD200CFE55C /* TpsTrialMoveShiftBackward.h */ = {isa = PBXFileReference; fileEncoding = 4; lastKnownFileType = sourcecode.c.h; path = TpsTrialMoveShiftBackward.h; sourceTree = "<group>"; };
		CD16803C0ED94FD200CFE55C /* TpsTrialMoveShiftBackward.cpp */ = {isa = PBXFileReference; fileEncoding = 4; lastKnownFileType = sourcecode.cpp.cpp; path = TpsTrialMoveShiftBackward.cpp; sourceTree = "<group>"; };
		CD1680510EDA810000CFE55C /* TpsOrderParameterAggregate.h */ = {isa = PBXFileReference; fileEncoding = 4; lastKnownFileType = sourcecode.c.h; path = TpsOrderParameterAggregate.h; sourceTree = "<group>"; };
		CD1680520EDA810000CFE55C /* TpsOrderParameterAggregate.cpp */ = {isa = PBXFileReference; fileEncoding = 4; lastKnownFileType = sourcecode.cpp.cpp; path = TpsOrderParameterAggregate.cpp; sourceTree = "<group>"; };
		CD16833B0EDC073D00CFE55C /* TpsAnalysisTransitionTimes.h */ = {isa = PBXFileReference; fileEncoding = 4; lastKnownFileType = sourcecode.c.h; path = TpsAnalysisTransitionTimes.h; sourceTree = "<group>"; };
		CD16833C0EDC073D00CFE55C /* TpsAnalysisTransitionTimes.cpp */ = {isa = PBXFileReference; fileEncoding = 4; lastKnownFileType = sourcecode.cpp.cpp; path = TpsAnalysisTransitionTimes.cpp; sourceTree = "<group>"; };
		CD16833F0EDC083C00CFE55C /* TpsAnalysisTransitionStates.h */ = {isa = PBXFileReference; fileEncoding = 4; lastKnownFileType = sourcecode.c.h; path = TpsAnalysisTransitionStates.h; sourceTree = "<group>"; };
		CD1683400EDC083C00CFE55C /* TpsAnalysisTransitionStates.cpp */ = {isa = PBXFileReference; fileEncoding = 4; lastKnownFileType = sourcecode.cpp.cpp; path = TpsAnalysisTransitionStates.cpp; sourceTree = "<group>"; };
		CD1683430EDFE96600CFE55C /* TpsTimesliceModifier.h */ = {isa = PBXFileReference; fileEncoding = 4; lastKnownFileType = sourcecode.c.h; path = TpsTimesliceModifier.h; sourceTree = "<group>"; };
		CD1683440EDFE96600CFE55C /* TpsTimesliceModifier.cpp */ = {isa = PBXFileReference; fileEncoding = 4; lastKnownFileType = sourcecode.cpp.cpp; path = TpsTimesliceModifier.cpp; sourceTree = "<group>"; };
		CD1683660EE0EDC000CFE55C /* TpsTimesliceModifierBoltzmannVdist.h */ = {isa = PBXFileReference; fileEncoding = 4; lastKnownFileType = sourcecode.c.h; path = TpsTimesliceModifierBoltzmannVdist.h; sourceTree = "<group>"; };
		CD1683670EE0EDC000CFE55C /* TpsTimesliceModifierBoltzmannVdist.cpp */ = {isa = PBXFileReference; fileEncoding = 4; lastKnownFileType = sourcecode.cpp.cpp; path = TpsTimesliceModifierBoltzmannVdist.cpp; sourceTree = "<group>"; };
		CD398430106302CD0009CC93 /* TpsTrajectoryReverseIterator.h */ = {isa = PBXFileReference; fileEncoding = 4; lastKnownFileType = sourcecode.c.h; path = TpsTrajectoryReverseIterator.h; sourceTree = "<group>"; };
		CD398431106302CD0009CC93 /* TpsTrajectoryReverseIterator.cpp */ = {isa = PBXFileReference; fileEncoding = 4; lastKnownFileType = sourcecode.cpp.cpp; path = TpsTrajectoryReverseIterator.cpp; sourceTree = "<group>"; };
		CD4FD18910145DC700C997F8 /* config.h */ = {isa = PBXFileReference; fileEncoding = 4; lastKnownFileType = sourcecode.c.h; path = config.h; sourceTree = "<group>"; };
		CD508ADF0FDEBFFF0015C61E /* TpsTimesliceModifierPerturbVelocities.cpp */ = {isa = PBXFileReference; fileEncoding = 4; lastKnownFileType = sourcecode.cpp.cpp; path = TpsTimesliceModifierPerturbVelocities.cpp; sourceTree = "<group>"; };
		CD508AE00FDEBFFF0015C61E /* TpsTimesliceModifierPerturbVelocities.h */ = {isa = PBXFileReference; fileEncoding = 4; lastKnownFileType = sourcecode.c.h; path = TpsTimesliceModifierPerturbVelocities.h; sourceTree = "<group>"; };
		CD508B5E0FDF09C60015C61E /* TpsTrialMoveShotAimless.h */ = {isa = PBXFileReference; fileEncoding = 4; lastKnownFileType = sourcecode.c.h; path = TpsTrialMoveShotAimless.h; sourceTree = "<group>"; };
		CD508B5F0FDF09C60015C61E /* TpsTrialMoveShotAimless.cpp */ = {isa = PBXFileReference; fileEncoding = 4; lastKnownFileType = sourcecode.cpp.cpp; path = TpsTrialMoveShotAimless.cpp; sourceTree = "<group>"; };
		CD5366F40ECCF93A00641778 /* TpsAnalysisCommitter.h */ = {isa = PBXFileReference; fileEncoding = 4; lastKnownFileType = sourcecode.c.h; path = TpsAnalysisCommitter.h; sourceTree = "<group>"; };
		CD5366F50ECCF93A00641778 /* TpsAnalysisCommitter.cpp */ = {isa = PBXFileReference; fileEncoding = 4; lastKnownFileType = sourcecode.cpp.cpp; path = TpsAnalysisCommitter.cpp; sourceTree = "<group>"; };
		CD5367500ECE4FB600641778 /* TpsAlgorithmFFS.h */ = {isa = PBXFileReference; fileEncoding = 4; lastKnownFileType = sourcecode.c.h; path = TpsAlgorithmFFS.h; sourceTree = "<group>"; };
		CD5367510ECE4FB600641778 /* TpsAlgorithmFFS.cpp */ = {isa = PBXFileReference; fileEncoding = 4; lastKnownFileType = sourcecode.cpp.cpp; path = TpsAlgorithmFFS.cpp; sourceTree = "<group>"; };
		CD53695C0ECE9A3600641778 /* TpsAnalysisWriteOrderParameter.h */ = {isa = PBXFileReference; fileEncoding = 4; lastKnownFileType = sourcecode.c.h; path = TpsAnalysisWriteOrderParameter.h; sourceTree = "<group>"; };
		CD53695D0ECE9A3600641778 /* TpsAnalysisWriteOrderParameter.cpp */ = {isa = PBXFileReference; fileEncoding = 4; lastKnownFileType = sourcecode.cpp.cpp; path = TpsAnalysisWriteOrderParameter.cpp; sourceTree = "<group>"; };
		CD5369600ECE9AC200641778 /* TpsAnalysis.h */ = {isa = PBXFileReference; fileEncoding = 4; lastKnownFileType = sourcecode.c.h; path = TpsAnalysis.h; sourceTree = "<group>"; };
		CD5369610ECE9AC200641778 /* TpsAnalysis.cpp */ = {isa = PBXFileReference; fileEncoding = 4; lastKnownFileType = sourcecode.cpp.cpp; path = TpsAnalysis.cpp; sourceTree = "<group>"; };
		CD6C2AF50F565174000CA4AA /* TpsInitializerExplicitTrajectory.h */ = {isa = PBXFileReference; fileEncoding = 4; lastKnownFileType = sourcecode.c.h; path = TpsInitializerExplicitTrajectory.h; sourceTree = "<group>"; };
		CD6C2AF60F565174000CA4AA /* TpsInitializerExplicitTrajectory.cpp */ = {isa = PBXFileReference; fileEncoding = 4; lastKnownFileType = sourcecode.cpp.cpp; path = TpsInitializerExplicitTrajectory.cpp; sourceTree = "<group>"; };
		CD6C75C00F54EE850054195F /* TpsInitializerMidpointTS.h */ = {isa = PBXFileReference; fileEncoding = 4; lastKnownFileType = sourcecode.c.h; path = TpsInitializerMidpointTS.h; sourceTree = "<group>"; };
		CD6C75C10F54EE850054195F /* TpsInitializerMidpointTS.cpp */ = {isa = PBXFileReference; fileEncoding = 4; lastKnownFileType = sourcecode.cpp.cpp; path = TpsInitializerMidpointTS.cpp; sourceTree = "<group>"; };
		CD6C75EB0F55ED320054195F /* TpsAnalysisWriteCoordsAtomic.h */ = {isa = PBXFileReference; fileEncoding = 4; lastKnownFileType = sourcecode.c.h; path = TpsAnalysisWriteCoordsAtomic.h; sourceTree = "<group>"; };
		CD6C75EC0F55ED320054195F /* TpsAnalysisWriteCoordsAtomic.cpp */ = {isa = PBXFileReference; fileEncoding = 4; lastKnownFileType = sourcecode.cpp.cpp; path = TpsAnalysisWriteCoordsAtomic.cpp; sourceTree = "<group>"; };
		CD6CB86B10A21C5700F950F6 /* test_suite */ = {isa = PBXFileReference; lastKnownFileType = folder; name = test_suite; path = ../test_suite; sourceTree = SOURCE_ROOT; };
		CD6CB88F10A21C5700F950F6 /* unit_tests */ = {isa = PBXFileReference; lastKnownFileType = folder; name = unit_tests; path = ../unit_tests; sourceTree = SOURCE_ROOT; };
		CD6F69BC10991C7B00B4C548 /* extensions */ = {isa = PBXFileReference; lastKnownFileType = folder; name = extensions; path = ../extensions; sourceTree = SOURCE_ROOT; };
		CD7B802A0F8FAFC000428AE9 /* TpsTrialMovePathReversal.h */ = {isa = PBXFileReference; fileEncoding = 4; lastKnownFileType = sourcecode.c.h; path = TpsTrialMovePathReversal.h; sourceTree = "<group>"; };
		CD7B802B0F8FAFC000428AE9 /* TpsTrialMovePathReversal.cpp */ = {isa = PBXFileReference; fileEncoding = 4; lastKnownFileType = sourcecode.cpp.cpp; path = TpsTrialMovePathReversal.cpp; sourceTree = "<group>"; };
		CD7B80970F8FC9C600428AE9 /* TpsAlgorithmSEnsemble.h */ = {isa = PBXFileReference; fileEncoding = 4; lastKnownFileType = sourcecode.c.h; path = TpsAlgorithmSEnsemble.h; sourceTree = "<group>"; };
		CD7B80980F8FC9C600428AE9 /* TpsAlgorithmSEnsemble.cpp */ = {isa = PBXFileReference; fileEncoding = 4; lastKnownFileType = sourcecode.cpp.cpp; path = TpsAlgorithmSEnsemble.cpp; sourceTree = "<group>"; };
		CD7B89A80F97E49500428AE9 /* TpsSimulationPluginLattice.cpp */ = {isa = PBXFileReference; fileEncoding = 4; lastKnownFileType = sourcecode.cpp.cpp; path = TpsSimulationPluginLattice.cpp; sourceTree = "<group>"; };
		CD7B89A90F97E49500428AE9 /* TpsSimulationPluginLattice.h */ = {isa = PBXFileReference; fileEncoding = 4; lastKnownFileType = sourcecode.c.h; path = TpsSimulationPluginLattice.h; sourceTree = "<group>"; };
		CD9975930FCFE39E00B745CE /* TpsTrialMoveShotFlexible.h */ = {isa = PBXFileReference; fileEncoding = 4; lastKnownFileType = sourcecode.c.h; path = TpsTrialMoveShotFlexible.h; sourceTree = "<group>"; };
		CD9975940FCFE39E00B745CE /* TpsTrialMoveShotFlexible.cpp */ = {isa = PBXFileReference; fileEncoding = 4; lastKnownFileType = sourcecode.cpp.cpp; path = TpsTrialMoveShotFlexible.cpp; sourceTree = "<group>"; };
		CD9977770FD0455000B745CE /* TpsTrialMoveShotFlexibleV2.h */ = {isa = PBXFileReference; fileEncoding = 4; lastKnownFileType = sourcecode.c.h; path = TpsTrialMoveShotFlexibleV2.h; sourceTree = "<group>"; };
		CD9977780FD0455000B745CE /* TpsTrialMoveShotFlexibleV2.cpp */ = {isa = PBXFileReference; fileEncoding = 4; lastKnownFileType = sourcecode.cpp.cpp; path = TpsTrialMoveShotFlexibleV2.cpp; sourceTree = "<group>"; };
		CDC795D90EF9E4EC00EE8D07 /* TpsAlgorithmBruteForce.h */ = {isa = PBXFileReference; fileEncoding = 4; lastKnownFileType = sourcecode.c.h; path = TpsAlgorithmBruteForce.h; sourceTree = "<group>"; };
		CDC795DA0EF9E4EC00EE8D07 /* TpsAlgorithmBruteForce.cpp */ = {isa = PBXFileReference; fileEncoding = 4; lastKnownFileType = sourcecode.cpp.cpp; path = TpsAlgorithmBruteForce.cpp; sourceTree = "<group>"; };
		CDC7CFB10EEA05A500015491 /* CMakeLists.txt */ = {isa = PBXFileReference; fileEncoding = 4; lastKnownFileType = text; name = CMakeLists.txt; path = ../CMakeLists.txt; sourceTree = SOURCE_ROOT; };
		CDD3352D0EAB8D35007C0170 /* TpsAlgorithm.h */ = {isa = PBXFileReference; fileEncoding = 4; lastKnownFileType = sourcecode.c.h; path = TpsAlgorithm.h; sourceTree = "<group>"; };
		CDD3352E0EAB8D35007C0170 /* TpsAlgorithm.cpp */ = {isa = PBXFileReference; fileEncoding = 4; lastKnownFileType = sourcecode.cpp.cpp; path = TpsAlgorithm.cpp; sourceTree = "<group>"; };
		CDD335310EAB931E007C0170 /* TpsTimeslice.h */ = {isa = PBXFileReference; fileEncoding = 4; lastKnownFileType = sourcecode.c.h; path = TpsTimeslice.h; sourceTree = "<group>"; };
		CDD335320EAB931E007C0170 /* TpsTimeslice.cpp */ = {isa = PBXFileReference; fileEncoding = 4; lastKnownFileType = sourcecode.cpp.cpp; path = TpsTimeslice.cpp; sourceTree = "<group>"; };
		CDD335350EAB94C4007C0170 /* TpsTrajectory.h */ = {isa = PBXFileReference; fileEncoding = 4; lastKnownFileType = sourcecode.c.h; path = TpsTrajectory.h; sourceTree = "<group>"; };
		CDD335360EAB94C4007C0170 /* TpsTrajectory.cpp */ = {isa = PBXFileReference; fileEncoding = 4; lastKnownFileType = sourcecode.cpp.cpp; path = TpsTrajectory.cpp; sourceTree = "<group>"; };
		CDD335390EAB9749007C0170 /* TpsSimulationPlugin.h */ = {isa = PBXFileReference; fileEncoding = 4; lastKnownFileType = sourcecode.c.h; path = TpsSimulationPlugin.h; sourceTree = "<group>"; };
		CDD3353A0EAB9749007C0170 /* TpsSimulationPlugin.cpp */ = {isa = PBXFileReference; fileEncoding = 4; lastKnownFileType = sourcecode.cpp.cpp; path = TpsSimulationPlugin.cpp; sourceTree = "<group>"; };
		CDD335630EABB046007C0170 /* TpsAlgorithmTPS.h */ = {isa = PBXFileReference; fileEncoding = 4; lastKnownFileType = sourcecode.c.h; path = TpsAlgorithmTPS.h; sourceTree = "<group>"; };
		CDD335640EABB046007C0170 /* TpsAlgorithmTPS.cpp */ = {isa = PBXFileReference; fileEncoding = 4; lastKnownFileType = sourcecode.cpp.cpp; path = TpsAlgorithmTPS.cpp; sourceTree = "<group>"; };
		CDD335670EABB2DD007C0170 /* TpsTrialMove.h */ = {isa = PBXFileReference; fileEncoding = 4; lastKnownFileType = sourcecode.c.h; path = TpsTrialMove.h; sourceTree = "<group>"; };
		CDD335680EABB2DD007C0170 /* TpsTrialMove.cpp */ = {isa = PBXFileReference; fileEncoding = 4; lastKnownFileType = sourcecode.cpp.cpp; path = TpsTrialMove.cpp; sourceTree = "<group>"; };
		CDD3356B0EABB2EC007C0170 /* TpsTrialMoveShot.h */ = {isa = PBXFileReference; fileEncoding = 4; lastKnownFileType = sourcecode.c.h; path = TpsTrialMoveShot.h; sourceTree = "<group>"; };
		CDD3356C0EABB2EC007C0170 /* TpsTrialMoveShot.cpp */ = {isa = PBXFileReference; fileEncoding = 4; lastKnownFileType = sourcecode.cpp.cpp; path = TpsTrialMoveShot.cpp; sourceTree = "<group>"; };
		CDD3356F0EABB2FA007C0170 /* TpsTrialMoveShift.h */ = {isa = PBXFileReference; fileEncoding = 4; lastKnownFileType = sourcecode.c.h; path = TpsTrialMoveShift.h; sourceTree = "<group>"; };
		CDD335700EABB2FA007C0170 /* TpsTrialMoveShift.cpp */ = {isa = PBXFileReference; fileEncoding = 4; lastKnownFileType = sourcecode.cpp.cpp; path = TpsTrialMoveShift.cpp; sourceTree = "<group>"; };
		CDD335780EABBE29007C0170 /* TpsRNG.h */ = {isa = PBXFileReference; fileEncoding = 4; lastKnownFileType = sourcecode.c.h; path = TpsRNG.h; sourceTree = "<group>"; };
		CDD335790EABBE29007C0170 /* TpsRNG.cpp */ = {isa = PBXFileReference; fileEncoding = 4; lastKnownFileType = sourcecode.cpp.cpp; path = TpsRNG.cpp; sourceTree = "<group>"; };
		CDD335850EABC428007C0170 /* TpsRNG48.h */ = {isa = PBXFileReference; fileEncoding = 4; lastKnownFileType = sourcecode.c.h; path = TpsRNG48.h; sourceTree = "<group>"; };
		CDD335860EABC428007C0170 /* TpsRNG48.cpp */ = {isa = PBXFileReference; fileEncoding = 4; lastKnownFileType = sourcecode.cpp.cpp; path = TpsRNG48.cpp; sourceTree = "<group>"; };
		CDD335D50EADA6FF007C0170 /* TpsTrajectoryUniformStep.h */ = {isa = PBXFileReference; fileEncoding = 4; lastKnownFileType = sourcecode.c.h; path = TpsTrajectoryUniformStep.h; sourceTree = "<group>"; };
		CDD335D60EADA6FF007C0170 /* TpsTrajectoryUniformStep.cpp */ = {isa = PBXFileReference; fileEncoding = 4; lastKnownFileType = sourcecode.cpp.cpp; path = TpsTrajectoryUniformStep.cpp; sourceTree = "<group>"; };
		CDD335D90EADA70C007C0170 /* TpsTrajectoryRandomStep.h */ = {isa = PBXFileReference; fileEncoding = 4; lastKnownFileType = sourcecode.c.h; path = TpsTrajectoryRandomStep.h; sourceTree = "<group>"; };
		CDD335DA0EADA70C007C0170 /* TpsTrajectoryRandomStep.cpp */ = {isa = PBXFileReference; fileEncoding = 4; lastKnownFileType = sourcecode.cpp.cpp; path = TpsTrajectoryRandomStep.cpp; sourceTree = "<group>"; };
		CDD337AB0EAE5E56007C0170 /* TpsInitializer.h */ = {isa = PBXFileReference; fileEncoding = 4; lastKnownFileType = sourcecode.c.h; path = TpsInitializer.h; sourceTree = "<group>"; };
		CDD337AC0EAE5E56007C0170 /* TpsInitializer.cpp */ = {isa = PBXFileReference; fileEncoding = 4; lastKnownFileType = sourcecode.cpp.cpp; path = TpsInitializer.cpp; sourceTree = "<group>"; };
		CDD337AF0EAE5E98007C0170 /* TpsInitializerBruteForce.h */ = {isa = PBXFileReference; fileEncoding = 4; lastKnownFileType = sourcecode.c.h; path = TpsInitializerBruteForce.h; sourceTree = "<group>"; };
		CDD337B00EAE5E98007C0170 /* TpsInitializerBruteForce.cpp */ = {isa = PBXFileReference; fileEncoding = 4; lastKnownFileType = sourcecode.cpp.cpp; path = TpsInitializerBruteForce.cpp; sourceTree = "<group>"; };
		CDD337B30EAE67B2007C0170 /* TpsOrderParameter.h */ = {isa = PBXFileReference; fileEncoding = 4; lastKnownFileType = sourcecode.c.h; path = TpsOrderParameter.h; sourceTree = "<group>"; };
		CDD337B40EAE67B2007C0170 /* TpsOrderParameter.cpp */ = {isa = PBXFileReference; fileEncoding = 4; lastKnownFileType = sourcecode.cpp.cpp; path = TpsOrderParameter.cpp; sourceTree = "<group>"; };
		CDF423C10F60FBCB003E90B5 /* TpsInitializerTransitionState.h */ = {isa = PBXFileReference; fileEncoding = 4; lastKnownFileType = sourcecode.c.h; path = TpsInitializerTransitionState.h; sourceTree = "<group>"; };
		CDF423C20F60FBCB003E90B5 /* TpsInitializerTransitionState.cpp */ = {isa = PBXFileReference; fileEncoding = 4; lastKnownFileType = sourcecode.cpp.cpp; path = TpsInitializerTransitionState.cpp; sourceTree = "<group>"; };
		CDF423CC0F6119B9003E90B5 /* TpsTrajectoryUserDefined.h */ = {isa = PBXFileReference; fileEncoding = 4; lastKnownFileType = sourcecode.c.h; path = TpsTrajectoryUserDefined.h; sourceTree = "<group>"; };
		CDF423CD0F6119B9003E90B5 /* TpsTrajectoryUserDefined.cpp */ = {isa = PBXFileReference; fileEncoding = 4; lastKnownFileType = sourcecode.cpp.cpp; path = TpsTrajectoryUserDefined.cpp; sourceTree = "<group>"; };
		CDF80DAF0EC5102600A670C9 /* TpsAlgorithmTIS.h */ = {isa = PBXFileReference; fileEncoding = 4; lastKnownFileType = sourcecode.c.h; path = TpsAlgorithmTIS.h; sourceTree = "<group>"; };
		CDF80DB00EC5102600A670C9 /* TpsAlgorithmTIS.cpp */ = {isa = PBXFileReference; fileEncoding = 4; lastKnownFileType = sourcecode.cpp.cpp; path = TpsAlgorithmTIS.cpp; sourceTree = "<group>"; };
		CDF80FA20EC5154800A670C9 /* TpsSimulationPluginAtomic.h */ = {isa = PBXFileReference; fileEncoding = 4; lastKnownFileType = sourcecode.c.h; path = TpsSimulationPluginAtomic.h; sourceTree = "<group>"; };
		CDF80FA30EC5154800A670C9 /* TpsSimulationPluginAtomic.cpp */ = {isa = PBXFileReference; fileEncoding = 4; lastKnownFileType = sourcecode.cpp.cpp; path = TpsSimulationPluginAtomic.cpp; sourceTree = "<group>"; };
		CDF8109A0EC5721B00A670C9 /* TpsTrajectoryEnsemble.h */ = {isa = PBXFileReference; fileEncoding = 4; lastKnownFileType = sourcecode.c.h; path = TpsTrajectoryEnsemble.h; sourceTree = "<group>"; };
		CDF8109B0EC5721B00A670C9 /* TpsTrajectoryEnsemble.cpp */ = {isa = PBXFileReference; fileEncoding = 4; lastKnownFileType = sourcecode.cpp.cpp; path = TpsTrajectoryEnsemble.cpp; sourceTree = "<group>"; };
		CDF816330ED018D600A670C9 /* dox */ = {isa = PBXFileReference; lastKnownFileType = folder; name = dox; path = ../dox; sourceTree = SOURCE_ROOT; };
		CDF8166E0ED14A9F00A670C9 /* wrap */ = {isa = PBXFileReference; lastKnownFileType = folder; name = wrap; path = ../wrap; sourceTree = SOURCE_ROOT; };
		CDFA44130ED2B57500E9095F /* TpsTrajectoryContinuous.h */ = {isa = PBXFileReference; fileEncoding = 4; lastKnownFileType = sourcecode.c.h; path = TpsTrajectoryContinuous.h; sourceTree = "<group>"; };
		CDFA44140ED2B57500E9095F /* TpsTrajectoryContinuous.cpp */ = {isa = PBXFileReference; fileEncoding = 4; lastKnownFileType = sourcecode.cpp.cpp; path = TpsTrajectoryContinuous.cpp; sourceTree = "<group>"; };
		CDFA44C00ED4DCEF00E9095F /* tps.h */ = {isa = PBXFileReference; fileEncoding = 4; lastKnownFileType = sourcecode.c.h; path = tps.h; sourceTree = "<group>"; };
		CDFA4C470ED5A83E00E9095F /* TpsAnalysisDistinguishingReactionCoordinate.h */ = {isa = PBXFileReference; fileEncoding = 4; lastKnownFileType = sourcecode.c.h; path = TpsAnalysisDistinguishingReactionCoordinate.h; sourceTree = "<group>"; };
		CDFA4C480ED5A83E00E9095F /* TpsAnalysisDistinguishingReactionCoordinate.cpp */ = {isa = PBXFileReference; fileEncoding = 4; lastKnownFileType = sourcecode.cpp.cpp; path = TpsAnalysisDistinguishingReactionCoordinate.cpp; sourceTree = "<group>"; };
		CDFA4C580ED5BD4100E9095F /* TpsAnalysisWriteXYZAtomic.h */ = {isa = PBXFileReference; fileEncoding = 4; lastKnownFileType = sourcecode.c.h; path = TpsAnalysisWriteXYZAtomic.h; sourceTree = "<group>"; };
		CDFA4C590ED5BD4100E9095F /* TpsAnalysisWriteXYZAtomic.cpp */ = {isa = PBXFileReference; fileEncoding = 4; lastKnownFileType = sourcecode.cpp.cpp; path = TpsAnalysisWriteXYZAtomic.cpp; sourceTree = "<group>"; };
		CDFA4C5C0ED5BF2600E9095F /* TpsTrajectoryIterator.h */ = {isa = PBXFileReference; fileEncoding = 4; lastKnownFileType = sourcecode.c.h; path = TpsTrajectoryIterator.h; sourceTree = "<group>"; };
		CDFA4C5D0ED5BF2600E9095F /* TpsTrajectoryIterator.cpp */ = {isa = PBXFileReference; fileEncoding = 4; lastKnownFileType = sourcecode.cpp.cpp; path = TpsTrajectoryIterator.cpp; sourceTree = "<group>"; };
		CDFDF1B70FCC218B0080D135 /* TpsAnalysisWriteTrajectory.h */ = {isa = PBXFileReference; fileEncoding = 4; lastKnownFileType = sourcecode.c.h; path = TpsAnalysisWriteTrajectory.h; sourceTree = "<group>"; };
		CDFDF1B80FCC218B0080D135 /* TpsAnalysisWriteTrajectory.cpp */ = {isa = PBXFileReference; fileEncoding = 4; lastKnownFileType = sourcecode.cpp.cpp; path = TpsAnalysisWriteTrajectory.cpp; sourceTree = "<group>"; };
		D2AAC046055464E500DB518D /* libtpsapi.a */ = {isa = PBXFileReference; explicitFileType = archive.ar; includeInIndex = 0; path = libtpsapi.a; sourceTree = BUILT_PRODUCTS_DIR; };
/* End PBXFileReference section */

/* Begin PBXFrameworksBuildPhase section */
		D289987405E68DCB004EDB86 /* Frameworks */ = {
			isa = PBXFrameworksBuildPhase;
			buildActionMask = 2147483647;
			files = (
			);
			runOnlyForDeploymentPostprocessing = 0;
		};
/* End PBXFrameworksBuildPhase section */

/* Begin PBXGroup section */
		08FB7794FE84155DC02AAC07 /* tpsapi */ = {
			isa = PBXGroup;
			children = (
				08FB7795FE84155DC02AAC07 /* Source */,
				C6A0FF2B0290797F04C91782 /* Documentation */,
				1AB674ADFE9D54B511CA2CBB /* Products */,
			);
			name = tpsapi;
			sourceTree = "<group>";
		};
		08FB7795FE84155DC02AAC07 /* Source */ = {
			isa = PBXGroup;
			children = (
				CDC7CFB10EEA05A500015491 /* CMakeLists.txt */,
				CDF816330ED018D600A670C9 /* dox */,
				CDF8166E0ED14A9F00A670C9 /* wrap */,
				CD6F69BC10991C7B00B4C548 /* extensions */,
				CD6CB86B10A21C5700F950F6 /* test_suite */,
				CD6CB88F10A21C5700F950F6 /* unit_tests */,
				CDFA44C00ED4DCEF00E9095F /* tps.h */,
				CD4FD18910145DC700C997F8 /* config.h */,
				CD5367910ECE7A6000641778 /* Algorithm */,
				CD5367940ECE7AAF00641778 /* Initializer */,
				CD5367970ECE7B0400641778 /* OrderParameter */,
				CD5367990ECE7B2C00641778 /* RNG */,
				CD5367950ECE7AC900641778 /* Trajectory */,
				CD508ADA0FDEBD850015C61E /* TimesliceModifier */,
				CD5367920ECE7A7A00641778 /* TrialMove */,
				CD5367960ECE7AE700641778 /* SimulationPlugin */,
				CD61D9840ECF8A45001CD6D2 /* Analysis */,
			);
			name = Source;
			sourceTree = "<group>";
		};
		1AB674ADFE9D54B511CA2CBB /* Products */ = {
			isa = PBXGroup;
			children = (
				D2AAC046055464E500DB518D /* libtpsapi.a */,
			);
			name = Products;
			sourceTree = "<group>";
		};
		C6A0FF2B0290797F04C91782 /* Documentation */ = {
			isa = PBXGroup;
			children = (
			);
			name = Documentation;
			sourceTree = "<group>";
		};
		CD508ADA0FDEBD850015C61E /* TimesliceModifier */ = {
			isa = PBXGroup;
			children = (
				CDD335310EAB931E007C0170 /* TpsTimeslice.h */,
				CDD335320EAB931E007C0170 /* TpsTimeslice.cpp */,
				CD1683430EDFE96600CFE55C /* TpsTimesliceModifier.h */,
				CD1683440EDFE96600CFE55C /* TpsTimesliceModifier.cpp */,
				CD1683660EE0EDC000CFE55C /* TpsTimesliceModifierBoltzmannVdist.h */,
				CD1683670EE0EDC000CFE55C /* TpsTimesliceModifierBoltzmannVdist.cpp */,
				CD508AE00FDEBFFF0015C61E /* TpsTimesliceModifierPerturbVelocities.h */,
				CD508ADF0FDEBFFF0015C61E /* TpsTimesliceModifierPerturbVelocities.cpp */,
			);
			name = TimesliceModifier;
			sourceTree = "<group>";
		};
		CD5367910ECE7A6000641778 /* Algorithm */ = {
			isa = PBXGroup;
			children = (
				CDD3352D0EAB8D35007C0170 /* TpsAlgorithm.h */,
				CDD3352E0EAB8D35007C0170 /* TpsAlgorithm.cpp */,
				CDC795D90EF9E4EC00EE8D07 /* TpsAlgorithmBruteForce.h */,
				CDC795DA0EF9E4EC00EE8D07 /* TpsAlgorithmBruteForce.cpp */,
				CDD335630EABB046007C0170 /* TpsAlgorithmTPS.h */,
				CDD335640EABB046007C0170 /* TpsAlgorithmTPS.cpp */,
				CD0A64710F4E0F5300FF0527 /* TpsAlgorithmAimlessShooting.h */,
				CD0A64720F4E0F5300FF0527 /* TpsAlgorithmAimlessShooting.cpp */,
				CDF80DAF0EC5102600A670C9 /* TpsAlgorithmTIS.h */,
				CDF80DB00EC5102600A670C9 /* TpsAlgorithmTIS.cpp */,
				CD5367500ECE4FB600641778 /* TpsAlgorithmFFS.h */,
				CD5367510ECE4FB600641778 /* TpsAlgorithmFFS.cpp */,
				CD7B80970F8FC9C600428AE9 /* TpsAlgorithmSEnsemble.h */,
				CD7B80980F8FC9C600428AE9 /* TpsAlgorithmSEnsemble.cpp */,
			);
			name = Algorithm;
			sourceTree = "<group>";
		};
		CD5367920ECE7A7A00641778 /* TrialMove */ = {
			isa = PBXGroup;
			children = (
				CDD335670EABB2DD007C0170 /* TpsTrialMove.h */,
				CDD335680EABB2DD007C0170 /* TpsTrialMove.cpp */,
				CDD3356B0EABB2EC007C0170 /* TpsTrialMoveShot.h */,
				CDD3356C0EABB2EC007C0170 /* TpsTrialMoveShot.cpp */,
				CD9975930FCFE39E00B745CE /* TpsTrialMoveShotFlexible.h */,
				CD9975940FCFE39E00B745CE /* TpsTrialMoveShotFlexible.cpp */,
				CD9977770FD0455000B745CE /* TpsTrialMoveShotFlexibleV2.h */,
				CD9977780FD0455000B745CE /* TpsTrialMoveShotFlexibleV2.cpp */,
				CD508B5E0FDF09C60015C61E /* TpsTrialMoveShotAimless.h */,
				CD508B5F0FDF09C60015C61E /* TpsTrialMoveShotAimless.cpp */,
				CDD3356F0EABB2FA007C0170 /* TpsTrialMoveShift.h */,
				CDD335700EABB2FA007C0170 /* TpsTrialMoveShift.cpp */,
				CD16802F0ED94F8500CFE55C /* TpsTrialMoveShotForward.h */,
				CD1680300ED94F8500CFE55C /* TpsTrialMoveShotForward.cpp */,
				CD1680330ED94F9600CFE55C /* TpsTrialMoveShotBackward.h */,
				CD1680340ED94F9600CFE55C /* TpsTrialMoveShotBackward.cpp */,
				CD1680370ED94FC400CFE55C /* TpsTrialMoveShiftForward.h */,
				CD1680380ED94FC400CFE55C /* TpsTrialMoveShiftForward.cpp */,
				CD16803B0ED94FD200CFE55C /* TpsTrialMoveShiftBackward.h */,
				CD16803C0ED94FD200CFE55C /* TpsTrialMoveShiftBackward.cpp */,
				CD7B802A0F8FAFC000428AE9 /* TpsTrialMovePathReversal.h */,
				CD7B802B0F8FAFC000428AE9 /* TpsTrialMovePathReversal.cpp */,
			);
			name = TrialMove;
			sourceTree = "<group>";
		};
		CD5367940ECE7AAF00641778 /* Initializer */ = {
			isa = PBXGroup;
			children = (
				CDD337AB0EAE5E56007C0170 /* TpsInitializer.h */,
				CDD337AC0EAE5E56007C0170 /* TpsInitializer.cpp */,
				CDD337AF0EAE5E98007C0170 /* TpsInitializerBruteForce.h */,
				CDD337B00EAE5E98007C0170 /* TpsInitializerBruteForce.cpp */,
				CD6C75C00F54EE850054195F /* TpsInitializerMidpointTS.h */,
				CD6C75C10F54EE850054195F /* TpsInitializerMidpointTS.cpp */,
				CD6C2AF50F565174000CA4AA /* TpsInitializerExplicitTrajectory.h */,
				CD6C2AF60F565174000CA4AA /* TpsInitializerExplicitTrajectory.cpp */,
				CDF423C10F60FBCB003E90B5 /* TpsInitializerTransitionState.h */,
				CDF423C20F60FBCB003E90B5 /* TpsInitializerTransitionState.cpp */,
			);
			name = Initializer;
			sourceTree = "<group>";
		};
		CD5367950ECE7AC900641778 /* Trajectory */ = {
			isa = PBXGroup;
			children = (
				CDD335350EAB94C4007C0170 /* TpsTrajectory.h */,
				CDD335360EAB94C4007C0170 /* TpsTrajectory.cpp */,
				CDD335D50EADA6FF007C0170 /* TpsTrajectoryUniformStep.h */,
				CDD335D60EADA6FF007C0170 /* TpsTrajectoryUniformStep.cpp */,
				CDD335D90EADA70C007C0170 /* TpsTrajectoryRandomStep.h */,
				CDD335DA0EADA70C007C0170 /* TpsTrajectoryRandomStep.cpp */,
				CDF423CC0F6119B9003E90B5 /* TpsTrajectoryUserDefined.h */,
				CDF423CD0F6119B9003E90B5 /* TpsTrajectoryUserDefined.cpp */,
				CDFA44130ED2B57500E9095F /* TpsTrajectoryContinuous.h */,
				CDF8109B0EC5721B00A670C9 /* TpsTrajectoryEnsemble.cpp */,
				CDF8109A0EC5721B00A670C9 /* TpsTrajectoryEnsemble.h */,
				CDFA44140ED2B57500E9095F /* TpsTrajectoryContinuous.cpp */,
				CDFA4C5C0ED5BF2600E9095F /* TpsTrajectoryIterator.h */,
				CDFA4C5D0ED5BF2600E9095F /* TpsTrajectoryIterator.cpp */,
				CD398430106302CD0009CC93 /* TpsTrajectoryReverseIterator.h */,
				CD398431106302CD0009CC93 /* TpsTrajectoryReverseIterator.cpp */,
			);
			name = Trajectory;
			sourceTree = "<group>";
		};
		CD5367960ECE7AE700641778 /* SimulationPlugin */ = {
			isa = PBXGroup;
			children = (
				CDD335390EAB9749007C0170 /* TpsSimulationPlugin.h */,
				CDD3353A0EAB9749007C0170 /* TpsSimulationPlugin.cpp */,
				CDF80FA20EC5154800A670C9 /* TpsSimulationPluginAtomic.h */,
				CDF80FA30EC5154800A670C9 /* TpsSimulationPluginAtomic.cpp */,
				CD7B89A90F97E49500428AE9 /* TpsSimulationPluginLattice.h */,
				CD7B89A80F97E49500428AE9 /* TpsSimulationPluginLattice.cpp */,
			);
			name = SimulationPlugin;
			sourceTree = "<group>";
		};
		CD5367970ECE7B0400641778 /* OrderParameter */ = {
			isa = PBXGroup;
			children = (
				CDD337B30EAE67B2007C0170 /* TpsOrderParameter.h */,
				CDD337B40EAE67B2007C0170 /* TpsOrderParameter.cpp */,
				CD1680510EDA810000CFE55C /* TpsOrderParameterAggregate.h */,
				CD1680520EDA810000CFE55C /* TpsOrderParameterAggregate.cpp */,
			);
			name = OrderParameter;
			sourceTree = "<group>";
		};
		CD5367990ECE7B2C00641778 /* RNG */ = {
			isa = PBXGroup;
			children = (
				CDD335780EABBE29007C0170 /* TpsRNG.h */,
				CDD335790EABBE29007C0170 /* TpsRNG.cpp */,
				CDD335850EABC428007C0170 /* TpsRNG48.h */,
				CDD335860EABC428007C0170 /* TpsRNG48.cpp */,
			);
			name = RNG;
			sourceTree = "<group>";
		};
		CD61D9840ECF8A45001CD6D2 /* Analysis */ = {
			isa = PBXGroup;
			children = (
				CD5369600ECE9AC200641778 /* TpsAnalysis.h */,
				CD5369610ECE9AC200641778 /* TpsAnalysis.cpp */,
				CD6C75EB0F55ED320054195F /* TpsAnalysisWriteCoordsAtomic.h */,
				CD6C75EC0F55ED320054195F /* TpsAnalysisWriteCoordsAtomic.cpp */,
				CDFDF1B70FCC218B0080D135 /* TpsAnalysisWriteTrajectory.h */,
				CDFDF1B80FCC218B0080D135 /* TpsAnalysisWriteTrajectory.cpp */,
				CDFA4C580ED5BD4100E9095F /* TpsAnalysisWriteXYZAtomic.h */,
				CDFA4C590ED5BD4100E9095F /* TpsAnalysisWriteXYZAtomic.cpp */,
				CD53695C0ECE9A3600641778 /* TpsAnalysisWriteOrderParameter.h */,
				CD53695D0ECE9A3600641778 /* TpsAnalysisWriteOrderParameter.cpp */,
				CD5366F40ECCF93A00641778 /* TpsAnalysisCommitter.h */,
				CD5366F50ECCF93A00641778 /* TpsAnalysisCommitter.cpp */,
				CD16833B0EDC073D00CFE55C /* TpsAnalysisTransitionTimes.h */,
				CD16833C0EDC073D00CFE55C /* TpsAnalysisTransitionTimes.cpp */,
				CD16833F0EDC083C00CFE55C /* TpsAnalysisTransitionStates.h */,
				CD1683400EDC083C00CFE55C /* TpsAnalysisTransitionStates.cpp */,
				CD1001450EDB88DF001245A0 /* TpsAnalysisTimeCorrelationFunctionC.h */,
				CD1001460EDB88DF001245A0 /* TpsAnalysisTimeCorrelationFunctionC.cpp */,
				CD1001410EDB88B0001245A0 /* TpsAnalysisTimeCorrelationFunctionCAB.h */,
				CD1001420EDB88B0001245A0 /* TpsAnalysisTimeCorrelationFunctionCAB.cpp */,
				CDFA4C470ED5A83E00E9095F /* TpsAnalysisDistinguishingReactionCoordinate.h */,
				CDFA4C480ED5A83E00E9095F /* TpsAnalysisDistinguishingReactionCoordinate.cpp */,
			);
			name = Analysis;
			sourceTree = "<group>";
		};
/* End PBXGroup section */

/* Begin PBXHeadersBuildPhase section */
		D2AAC043055464E500DB518D /* Headers */ = {
			isa = PBXHeadersBuildPhase;
			buildActionMask = 2147483647;
			files = (
				CDD3352F0EAB8D35007C0170 /* TpsAlgorithm.h in Headers */,
				CDD335330EAB931E007C0170 /* TpsTimeslice.h in Headers */,
				CDD335370EAB94C4007C0170 /* TpsTrajectory.h in Headers */,
				CDD3353B0EAB9749007C0170 /* TpsSimulationPlugin.h in Headers */,
				CDD335650EABB046007C0170 /* TpsAlgorithmTPS.h in Headers */,
				CDD335690EABB2DD007C0170 /* TpsTrialMove.h in Headers */,
				CDD3356D0EABB2EC007C0170 /* TpsTrialMoveShot.h in Headers */,
				CDD335710EABB2FA007C0170 /* TpsTrialMoveShift.h in Headers */,
				CDD3357A0EABBE29007C0170 /* TpsRNG.h in Headers */,
				CDD335870EABC428007C0170 /* TpsRNG48.h in Headers */,
				CDD335D70EADA6FF007C0170 /* TpsTrajectoryUniformStep.h in Headers */,
				CDD335DB0EADA70C007C0170 /* TpsTrajectoryRandomStep.h in Headers */,
				CDD337AD0EAE5E56007C0170 /* TpsInitializer.h in Headers */,
				CDD337B10EAE5E98007C0170 /* TpsInitializerBruteForce.h in Headers */,
				CDD337B50EAE67B2007C0170 /* TpsOrderParameter.h in Headers */,
				CDF80DB10EC5102700A670C9 /* TpsAlgorithmTIS.h in Headers */,
				CDF80FA40EC5154800A670C9 /* TpsSimulationPluginAtomic.h in Headers */,
				CDF8109C0EC5721B00A670C9 /* TpsTrajectoryEnsemble.h in Headers */,
				CD5366F60ECCF93A00641778 /* TpsAnalysisCommitter.h in Headers */,
				CD5367520ECE4FB600641778 /* TpsAlgorithmFFS.h in Headers */,
				CD53695E0ECE9A3600641778 /* TpsAnalysisWriteOrderParameter.h in Headers */,
				CD5369620ECE9AC200641778 /* TpsAnalysis.h in Headers */,
				CDFA44150ED2B57500E9095F /* TpsTrajectoryContinuous.h in Headers */,
				CDFA44C20ED4DCEF00E9095F /* tps.h in Headers */,
				CDFA4C490ED5A83E00E9095F /* TpsAnalysisDistinguishingReactionCoordinate.h in Headers */,
				CDFA4C5A0ED5BD4100E9095F /* TpsAnalysisWriteXYZAtomic.h in Headers */,
				CDFA4C5E0ED5BF2600E9095F /* TpsTrajectoryIterator.h in Headers */,
				CD1680310ED94F8500CFE55C /* TpsTrialMoveShotForward.h in Headers */,
				CD1680350ED94F9600CFE55C /* TpsTrialMoveShotBackward.h in Headers */,
				CD1680390ED94FC400CFE55C /* TpsTrialMoveShiftForward.h in Headers */,
				CD16803D0ED94FD200CFE55C /* TpsTrialMoveShiftBackward.h in Headers */,
				CD1680530EDA810000CFE55C /* TpsOrderParameterAggregate.h in Headers */,
				CD1001430EDB88B0001245A0 /* TpsAnalysisTimeCorrelationFunctionCAB.h in Headers */,
				CD1001470EDB88DF001245A0 /* TpsAnalysisTimeCorrelationFunctionC.h in Headers */,
				CD16833D0EDC073D00CFE55C /* TpsAnalysisTransitionTimes.h in Headers */,
				CD1683450EDFE96600CFE55C /* TpsTimesliceModifier.h in Headers */,
				CD1683680EE0EDC000CFE55C /* TpsTimesliceModifierBoltzmannVdist.h in Headers */,
				CDC795DB0EF9E4EC00EE8D07 /* TpsAlgorithmBruteForce.h in Headers */,
				CD0A64730F4E0F5300FF0527 /* TpsAlgorithmAimlessShooting.h in Headers */,
				CD0A65330F51892400FF0527 /* TpsAnalysisTransitionStates.h in Headers */,
				CD6C75C20F54EE850054195F /* TpsInitializerMidpointTS.h in Headers */,
				CD6C75ED0F55ED320054195F /* TpsAnalysisWriteCoordsAtomic.h in Headers */,
				CD6C2AF70F565174000CA4AA /* TpsInitializerExplicitTrajectory.h in Headers */,
				CDF423C30F60FBCB003E90B5 /* TpsInitializerTransitionState.h in Headers */,
				CDF423CE0F6119B9003E90B5 /* TpsTrajectoryUserDefined.h in Headers */,
				CD7B802C0F8FAFC000428AE9 /* TpsTrialMovePathReversal.h in Headers */,
				CD7B80990F8FC9C600428AE9 /* TpsAlgorithmSEnsemble.h in Headers */,
				CD7B89AB0F97E49500428AE9 /* TpsSimulationPluginLattice.h in Headers */,
				CDFDF1B90FCC218B0080D135 /* TpsAnalysisWriteTrajectory.h in Headers */,
				CD9975950FCFE39E00B745CE /* TpsTrialMoveShotFlexible.h in Headers */,
				CD9977790FD0455000B745CE /* TpsTrialMoveShotFlexibleV2.h in Headers */,
				CD508AEA0FDEBFFF0015C61E /* TpsTimesliceModifierPerturbVelocities.h in Headers */,
				CD508B600FDF09C60015C61E /* TpsTrialMoveShotAimless.h in Headers */,
				CD4FD18E10145DC700C997F8 /* config.h in Headers */,
				CD398432106302CD0009CC93 /* TpsTrajectoryReverseIterator.h in Headers */,
			);
			runOnlyForDeploymentPostprocessing = 0;
		};
/* End PBXHeadersBuildPhase section */

/* Begin PBXNativeTarget section */
		D2AAC045055464E500DB518D /* tpsapi */ = {
			isa = PBXNativeTarget;
			buildConfigurationList = 1DEB91EB08733DB70010E9CD /* Build configuration list for PBXNativeTarget "tpsapi" */;
			buildPhases = (
				D2AAC043055464E500DB518D /* Headers */,
				D2AAC044055464E500DB518D /* Sources */,
				D289987405E68DCB004EDB86 /* Frameworks */,
			);
			buildRules = (
			);
			dependencies = (
			);
			name = tpsapi;
			productName = tpsapi;
			productReference = D2AAC046055464E500DB518D /* libtpsapi.a */;
			productType = "com.apple.product-type.library.static";
		};
/* End PBXNativeTarget section */

/* Begin PBXProject section */
		08FB7793FE84155DC02AAC07 /* Project object */ = {
			isa = PBXProject;
			buildConfigurationList = 1DEB91EF08733DB70010E9CD /* Build configuration list for PBXProject "tpsapi" */;
			compatibilityVersion = "Xcode 3.0";
			hasScannedForEncodings = 1;
			knownRegions = (
				English,
				Japanese,
				French,
				German,
			);
			mainGroup = 08FB7794FE84155DC02AAC07 /* tpsapi */;
			projectDirPath = "";
			projectRoot = "";
			targets = (
				D2AAC045055464E500DB518D /* tpsapi */,
			);
		};
/* End PBXProject section */

/* Begin PBXSourcesBuildPhase section */
		D2AAC044055464E500DB518D /* Sources */ = {
			isa = PBXSourcesBuildPhase;
			buildActionMask = 2147483647;
			files = (
				CDD335300EAB8D35007C0170 /* TpsAlgorithm.cpp in Sources */,
				CDD335340EAB931E007C0170 /* TpsTimeslice.cpp in Sources */,
				CDD335380EAB94C4007C0170 /* TpsTrajectory.cpp in Sources */,
				CDD3353C0EAB9749007C0170 /* TpsSimulationPlugin.cpp in Sources */,
				CDD335660EABB046007C0170 /* TpsAlgorithmTPS.cpp in Sources */,
				CDD3356A0EABB2DD007C0170 /* TpsTrialMove.cpp in Sources */,
				CDD3356E0EABB2EC007C0170 /* TpsTrialMoveShot.cpp in Sources */,
				CDD335720EABB2FA007C0170 /* TpsTrialMoveShift.cpp in Sources */,
				CDD3357B0EABBE29007C0170 /* TpsRNG.cpp in Sources */,
				CDD335880EABC428007C0170 /* TpsRNG48.cpp in Sources */,
				CDD335D80EADA6FF007C0170 /* TpsTrajectoryUniformStep.cpp in Sources */,
				CDD335DC0EADA70C007C0170 /* TpsTrajectoryRandomStep.cpp in Sources */,
				CDD337AE0EAE5E56007C0170 /* TpsInitializer.cpp in Sources */,
				CDD337B20EAE5E98007C0170 /* TpsInitializerBruteForce.cpp in Sources */,
				CDD337B60EAE67B2007C0170 /* TpsOrderParameter.cpp in Sources */,
				CDF80DB20EC5102700A670C9 /* TpsAlgorithmTIS.cpp in Sources */,
				CDF80FA50EC5154800A670C9 /* TpsSimulationPluginAtomic.cpp in Sources */,
				CDF8109D0EC5721B00A670C9 /* TpsTrajectoryEnsemble.cpp in Sources */,
				CD5366F70ECCF93A00641778 /* TpsAnalysisCommitter.cpp in Sources */,
				CD5367530ECE4FB600641778 /* TpsAlgorithmFFS.cpp in Sources */,
				CD53695F0ECE9A3600641778 /* TpsAnalysisWriteOrderParameter.cpp in Sources */,
				CD5369630ECE9AC200641778 /* TpsAnalysis.cpp in Sources */,
				CDFA44160ED2B57500E9095F /* TpsTrajectoryContinuous.cpp in Sources */,
				CDFA4C4A0ED5A83E00E9095F /* TpsAnalysisDistinguishingReactionCoordinate.cpp in Sources */,
				CDFA4C5B0ED5BD4100E9095F /* TpsAnalysisWriteXYZAtomic.cpp in Sources */,
				CDFA4C5F0ED5BF2600E9095F /* TpsTrajectoryIterator.cpp in Sources */,
				CD1680320ED94F8500CFE55C /* TpsTrialMoveShotForward.cpp in Sources */,
				CD1680360ED94F9600CFE55C /* TpsTrialMoveShotBackward.cpp in Sources */,
				CD16803A0ED94FC400CFE55C /* TpsTrialMoveShiftForward.cpp in Sources */,
				CD16803E0ED94FD200CFE55C /* TpsTrialMoveShiftBackward.cpp in Sources */,
				CD1680540EDA810000CFE55C /* TpsOrderParameterAggregate.cpp in Sources */,
				CD1001440EDB88B0001245A0 /* TpsAnalysisTimeCorrelationFunctionCAB.cpp in Sources */,
				CD1001480EDB88DF001245A0 /* TpsAnalysisTimeCorrelationFunctionC.cpp in Sources */,
				CD16833E0EDC073D00CFE55C /* TpsAnalysisTransitionTimes.cpp in Sources */,
				CD1683460EDFE96600CFE55C /* TpsTimesliceModifier.cpp in Sources */,
				CD1683690EE0EDC000CFE55C /* TpsTimesliceModifierBoltzmannVdist.cpp in Sources */,
				CDC795DC0EF9E4EC00EE8D07 /* TpsAlgorithmBruteForce.cpp in Sources */,
				CD0A64740F4E0F5300FF0527 /* TpsAlgorithmAimlessShooting.cpp in Sources */,
				CD0A65340F51892700FF0527 /* TpsAnalysisTransitionStates.cpp in Sources */,
				CD6C75C30F54EE850054195F /* TpsInitializerMidpointTS.cpp in Sources */,
				CD6C75EE0F55ED320054195F /* TpsAnalysisWriteCoordsAtomic.cpp in Sources */,
				CD6C2AF80F565174000CA4AA /* TpsInitializerExplicitTrajectory.cpp in Sources */,
				CDF423C40F60FBCB003E90B5 /* TpsInitializerTransitionState.cpp in Sources */,
				CDF423CF0F6119B9003E90B5 /* TpsTrajectoryUserDefined.cpp in Sources */,
				CD7B802D0F8FAFC000428AE9 /* TpsTrialMovePathReversal.cpp in Sources */,
				CD7B809A0F8FC9C600428AE9 /* TpsAlgorithmSEnsemble.cpp in Sources */,
				CD7B89AA0F97E49500428AE9 /* TpsSimulationPluginLattice.cpp in Sources */,
				CDFDF1BA0FCC218B0080D135 /* TpsAnalysisWriteTrajectory.cpp in Sources */,
				CD9975960FCFE39E00B745CE /* TpsTrialMoveShotFlexible.cpp in Sources */,
				CD99777A0FD0455000B745CE /* TpsTrialMoveShotFlexibleV2.cpp in Sources */,
				CD508AE90FDEBFFF0015C61E /* TpsTimesliceModifierPerturbVelocities.cpp in Sources */,
				CD508B610FDF09C60015C61E /* TpsTrialMoveShotAimless.cpp in Sources */,
				CD398433106302CD0009CC93 /* TpsTrajectoryReverseIterator.cpp in Sources */,
			);
			runOnlyForDeploymentPostprocessing = 0;
		};
/* End PBXSourcesBuildPhase section */

/* Begin XCBuildConfiguration section */
		1DEB91EC08733DB70010E9CD /* Debug */ = {
			isa = XCBuildConfiguration;
			buildSettings = {
				COPY_PHASE_STRIP = NO;
				GCC_DYNAMIC_NO_PIC = NO;
				GCC_ENABLE_FIX_AND_CONTINUE = YES;
				GCC_MODEL_TUNING = G5;
				GCC_OPTIMIZATION_LEVEL = 0;
				INSTALL_PATH = /usr/local/lib;
				PRODUCT_NAME = tpsapi;
				ZERO_LINK = YES;
			};
			name = Debug;
		};
		1DEB91ED08733DB70010E9CD /* Release */ = {
			isa = XCBuildConfiguration;
			buildSettings = {
				DEBUG_INFORMATION_FORMAT = "dwarf-with-dsym";
				GCC_MODEL_TUNING = G5;
				INFOPLIST_PREPROCESSOR_DEFINITIONS = _USE_LAMMPS;
				INSTALL_PATH = /usr/local/lib;
				PRODUCT_NAME = tpsapi;
			};
			name = Release;
		};
		1DEB91F008733DB70010E9CD /* Debug */ = {
			isa = XCBuildConfiguration;
			buildSettings = {
				GCC_WARN_ABOUT_RETURN_TYPE = YES;
				GCC_WARN_UNUSED_VARIABLE = YES;
				PREBINDING = NO;
				SDKROOT = "$(DEVELOPER_SDK_DIR)/MacOSX10.5.sdk";
			};
			name = Debug;
		};
		1DEB91F108733DB70010E9CD /* Release */ = {
			isa = XCBuildConfiguration;
			buildSettings = {
				ARCHS = (
					ppc,
					i386,
				);
				GCC_WARN_ABOUT_RETURN_TYPE = YES;
				GCC_WARN_UNUSED_VARIABLE = YES;
				HEADER_SEARCH_PATHS = (
					/usr/local/include,
					"/Users/askeys/Codes/lammps-22Jan08/",
				);
				PREBINDING = NO;
				SDKROOT = "$(DEVELOPER_SDK_DIR)/MacOSX10.5.sdk";
			};
			name = Release;
		};
/* End XCBuildConfiguration section */

/* Begin XCConfigurationList section */
		1DEB91EB08733DB70010E9CD /* Build configuration list for PBXNativeTarget "tpsapi" */ = {
			isa = XCConfigurationList;
			buildConfigurations = (
				1DEB91EC08733DB70010E9CD /* Debug */,
				1DEB91ED08733DB70010E9CD /* Release */,
			);
			defaultConfigurationIsVisible = 0;
			defaultConfigurationName = Release;
		};
		1DEB91EF08733DB70010E9CD /* Build configuration list for PBXProject "tpsapi" */ = {
			isa = XCConfigurationList;
			buildConfigurations = (
				1DEB91F008733DB70010E9CD /* Debug */,
				1DEB91F108733DB70010E9CD /* Release */,
			);
			defaultConfigurationIsVisible = 0;
			defaultConfigurationName = Release;
		};
/* End XCConfigurationList section */
	};
	rootObject = 08FB7793FE84155DC02AAC07 /* Project object */;
}
